// !$*UTF8*$!
{
	archiveVersion = 1;
	classes = {
	};
	objectVersion = 46;
	objects = {

/* Begin PBXBuildFile section */
		575647F51D88EB8E009D4B91 /* main.m in Sources */ = {isa = PBXBuildFile; fileRef = 575647F41D88EB8E009D4B91 /* main.m */; };
		575647F81D88EB8E009D4B91 /* AppDelegate.m in Sources */ = {isa = PBXBuildFile; fileRef = 575647F71D88EB8E009D4B91 /* AppDelegate.m */; };
		575647FB1D88EB8E009D4B91 /* ViewController.m in Sources */ = {isa = PBXBuildFile; fileRef = 575647FA1D88EB8E009D4B91 /* ViewController.m */; };
		575647FE1D88EB8E009D4B91 /* Main.storyboard in Resources */ = {isa = PBXBuildFile; fileRef = 575647FC1D88EB8E009D4B91 /* Main.storyboard */; };
		575648001D88EB8E009D4B91 /* Assets.xcassets in Resources */ = {isa = PBXBuildFile; fileRef = 575647FF1D88EB8E009D4B91 /* Assets.xcassets */; };
		575648031D88EB8E009D4B91 /* LaunchScreen.storyboard in Resources */ = {isa = PBXBuildFile; fileRef = 575648011D88EB8E009D4B91 /* LaunchScreen.storyboard */; };
		5756480E1D88EB8E009D4B91 /* DMLoopProgressDemoTests.m in Sources */ = {isa = PBXBuildFile; fileRef = 5756480D1D88EB8E009D4B91 /* DMLoopProgressDemoTests.m */; };
		575648191D88EB8E009D4B91 /* DMLoopProgressDemoUITests.m in Sources */ = {isa = PBXBuildFile; fileRef = 575648181D88EB8E009D4B91 /* DMLoopProgressDemoUITests.m */; };
		575648281D88EBD1009D4B91 /* LoopProgressView.m in Sources */ = {isa = PBXBuildFile; fileRef = 575648271D88EBD1009D4B91 /* LoopProgressView.m */; };
/* End PBXBuildFile section */

/* Begin PBXContainerItemProxy section */
		5756480A1D88EB8E009D4B91 /* PBXContainerItemProxy */ = {
			isa = PBXContainerItemProxy;
			containerPortal = 575647E81D88EB8E009D4B91 /* Project object */;
			proxyType = 1;
			remoteGlobalIDString = 575647EF1D88EB8E009D4B91;
			remoteInfo = DMLoopProgressDemo;
		};
		575648151D88EB8E009D4B91 /* PBXContainerItemProxy */ = {
			isa = PBXContainerItemProxy;
			containerPortal = 575647E81D88EB8E009D4B91 /* Project object */;
			proxyType = 1;
			remoteGlobalIDString = 575647EF1D88EB8E009D4B91;
			remoteInfo = DMLoopProgressDemo;
		};
/* End PBXContainerItemProxy section */

/* Begin PBXFileReference section */
		575647F01D88EB8E009D4B91 /* DMLoopProgressDemo.app */ = {isa = PBXFileReference; explicitFileType = wrapper.application; includeInIndex = 0; path = DMLoopProgressDemo.app; sourceTree = BUILT_PRODUCTS_DIR; };
		575647F41D88EB8E009D4B91 /* main.m */ = {isa = PBXFileReference; lastKnownFileType = sourcecode.c.objc; path = main.m; sourceTree = "<group>"; };
		575647F61D88EB8E009D4B91 /* AppDelegate.h */ = {isa = PBXFileReference; lastKnownFileType = sourcecode.c.h; path = AppDelegate.h; sourceTree = "<group>"; };
		575647F71D88EB8E009D4B91 /* AppDelegate.m */ = {isa = PBXFileReference; lastKnownFileType = sourcecode.c.objc; path = AppDelegate.m; sourceTree = "<group>"; };
		575647F91D88EB8E009D4B91 /* ViewController.h */ = {isa = PBXFileReference; lastKnownFileType = sourcecode.c.h; path = ViewController.h; sourceTree = "<group>"; };
		575647FA1D88EB8E009D4B91 /* ViewController.m */ = {isa = PBXFileReference; lastKnownFileType = sourcecode.c.objc; path = ViewController.m; sourceTree = "<group>"; };
		575647FD1D88EB8E009D4B91 /* Base */ = {isa = PBXFileReference; lastKnownFileType = file.storyboard; name = Base; path = Base.lproj/Main.storyboard; sourceTree = "<group>"; };
		575647FF1D88EB8E009D4B91 /* Assets.xcassets */ = {isa = PBXFileReference; lastKnownFileType = folder.assetcatalog; path = Assets.xcassets; sourceTree = "<group>"; };
		575648021D88EB8E009D4B91 /* Base */ = {isa = PBXFileReference; lastKnownFileType = file.storyboard; name = Base; path = Base.lproj/LaunchScreen.storyboard; sourceTree = "<group>"; };
		575648041D88EB8E009D4B91 /* Info.plist */ = {isa = PBXFileReference; lastKnownFileType = text.plist.xml; path = Info.plist; sourceTree = "<group>"; };
		575648091D88EB8E009D4B91 /* DMLoopProgressDemoTests.xctest */ = {isa = PBXFileReference; explicitFileType = wrapper.cfbundle; includeInIndex = 0; path = DMLoopProgressDemoTests.xctest; sourceTree = BUILT_PRODUCTS_DIR; };
		5756480D1D88EB8E009D4B91 /* DMLoopProgressDemoTests.m */ = {isa = PBXFileReference; lastKnownFileType = sourcecode.c.objc; path = DMLoopProgressDemoTests.m; sourceTree = "<group>"; };
		5756480F1D88EB8E009D4B91 /* Info.plist */ = {isa = PBXFileReference; lastKnownFileType = text.plist.xml; path = Info.plist; sourceTree = "<group>"; };
		575648141D88EB8E009D4B91 /* DMLoopProgressDemoUITests.xctest */ = {isa = PBXFileReference; explicitFileType = wrapper.cfbundle; includeInIndex = 0; path = DMLoopProgressDemoUITests.xctest; sourceTree = BUILT_PRODUCTS_DIR; };
		575648181D88EB8E009D4B91 /* DMLoopProgressDemoUITests.m */ = {isa = PBXFileReference; lastKnownFileType = sourcecode.c.objc; path = DMLoopProgressDemoUITests.m; sourceTree = "<group>"; };
		5756481A1D88EB8E009D4B91 /* Info.plist */ = {isa = PBXFileReference; lastKnownFileType = text.plist.xml; path = Info.plist; sourceTree = "<group>"; };
		575648261D88EBD1009D4B91 /* LoopProgressView.h */ = {isa = PBXFileReference; fileEncoding = 4; lastKnownFileType = sourcecode.c.h; path = LoopProgressView.h; sourceTree = "<group>"; };
		575648271D88EBD1009D4B91 /* LoopProgressView.m */ = {isa = PBXFileReference; fileEncoding = 4; lastKnownFileType = sourcecode.c.objc; path = LoopProgressView.m; sourceTree = "<group>"; };
/* End PBXFileReference section */

/* Begin PBXFrameworksBuildPhase section */
		575647ED1D88EB8E009D4B91 /* Frameworks */ = {
			isa = PBXFrameworksBuildPhase;
			buildActionMask = 2147483647;
			files = (
			);
			runOnlyForDeploymentPostprocessing = 0;
		};
		575648061D88EB8E009D4B91 /* Frameworks */ = {
			isa = PBXFrameworksBuildPhase;
			buildActionMask = 2147483647;
			files = (
			);
			runOnlyForDeploymentPostprocessing = 0;
		};
		575648111D88EB8E009D4B91 /* Frameworks */ = {
			isa = PBXFrameworksBuildPhase;
			buildActionMask = 2147483647;
			files = (
			);
			runOnlyForDeploymentPostprocessing = 0;
		};
/* End PBXFrameworksBuildPhase section */

/* Begin PBXGroup section */
		575647E71D88EB8E009D4B91 = {
			isa = PBXGroup;
			children = (
				575647F21D88EB8E009D4B91 /* DMLoopProgressDemo */,
				5756480C1D88EB8E009D4B91 /* DMLoopProgressDemoTests */,
				575648171D88EB8E009D4B91 /* DMLoopProgressDemoUITests */,
				575647F11D88EB8E009D4B91 /* Products */,
			);
			sourceTree = "<group>";
		};
		575647F11D88EB8E009D4B91 /* Products */ = {
			isa = PBXGroup;
			children = (
				575647F01D88EB8E009D4B91 /* DMLoopProgressDemo.app */,
				575648091D88EB8E009D4B91 /* DMLoopProgressDemoTests.xctest */,
				575648141D88EB8E009D4B91 /* DMLoopProgressDemoUITests.xctest */,
			);
			name = Products;
			sourceTree = "<group>";
		};
		575647F21D88EB8E009D4B91 /* DMLoopProgressDemo */ = {
			isa = PBXGroup;
			children = (
				575647F61D88EB8E009D4B91 /* AppDelegate.h */,
				575647F71D88EB8E009D4B91 /* AppDelegate.m */,
				575647F91D88EB8E009D4B91 /* ViewController.h */,
				575647FA1D88EB8E009D4B91 /* ViewController.m */,
				575648261D88EBD1009D4B91 /* LoopProgressView.h */,
				575648271D88EBD1009D4B91 /* LoopProgressView.m */,
				575647FC1D88EB8E009D4B91 /* Main.storyboard */,
				575647FF1D88EB8E009D4B91 /* Assets.xcassets */,
				575648011D88EB8E009D4B91 /* LaunchScreen.storyboard */,
				575648041D88EB8E009D4B91 /* Info.plist */,
				575647F31D88EB8E009D4B91 /* Supporting Files */,
			);
			path = DMLoopProgressDemo;
			sourceTree = "<group>";
		};
		575647F31D88EB8E009D4B91 /* Supporting Files */ = {
			isa = PBXGroup;
			children = (
				575647F41D88EB8E009D4B91 /* main.m */,
			);
			name = "Supporting Files";
			sourceTree = "<group>";
		};
		5756480C1D88EB8E009D4B91 /* DMLoopProgressDemoTests */ = {
			isa = PBXGroup;
			children = (
				5756480D1D88EB8E009D4B91 /* DMLoopProgressDemoTests.m */,
				5756480F1D88EB8E009D4B91 /* Info.plist */,
			);
			path = DMLoopProgressDemoTests;
			sourceTree = "<group>";
		};
		575648171D88EB8E009D4B91 /* DMLoopProgressDemoUITests */ = {
			isa = PBXGroup;
			children = (
				575648181D88EB8E009D4B91 /* DMLoopProgressDemoUITests.m */,
				5756481A1D88EB8E009D4B91 /* Info.plist */,
			);
			path = DMLoopProgressDemoUITests;
			sourceTree = "<group>";
		};
/* End PBXGroup section */

/* Begin PBXNativeTarget section */
		575647EF1D88EB8E009D4B91 /* DMLoopProgressDemo */ = {
			isa = PBXNativeTarget;
			buildConfigurationList = 5756481D1D88EB8E009D4B91 /* Build configuration list for PBXNativeTarget "DMLoopProgressDemo" */;
			buildPhases = (
				575647EC1D88EB8E009D4B91 /* Sources */,
				575647ED1D88EB8E009D4B91 /* Frameworks */,
				575647EE1D88EB8E009D4B91 /* Resources */,
			);
			buildRules = (
			);
			dependencies = (
			);
			name = DMLoopProgressDemo;
			productName = DMLoopProgressDemo;
			productReference = 575647F01D88EB8E009D4B91 /* DMLoopProgressDemo.app */;
			productType = "com.apple.product-type.application";
		};
		575648081D88EB8E009D4B91 /* DMLoopProgressDemoTests */ = {
			isa = PBXNativeTarget;
			buildConfigurationList = 575648201D88EB8E009D4B91 /* Build configuration list for PBXNativeTarget "DMLoopProgressDemoTests" */;
			buildPhases = (
				575648051D88EB8E009D4B91 /* Sources */,
				575648061D88EB8E009D4B91 /* Frameworks */,
				575648071D88EB8E009D4B91 /* Resources */,
			);
			buildRules = (
			);
			dependencies = (
				5756480B1D88EB8E009D4B91 /* PBXTargetDependency */,
			);
			name = DMLoopProgressDemoTests;
			productName = DMLoopProgressDemoTests;
			productReference = 575648091D88EB8E009D4B91 /* DMLoopProgressDemoTests.xctest */;
			productType = "com.apple.product-type.bundle.unit-test";
		};
		575648131D88EB8E009D4B91 /* DMLoopProgressDemoUITests */ = {
			isa = PBXNativeTarget;
			buildConfigurationList = 575648231D88EB8E009D4B91 /* Build configuration list for PBXNativeTarget "DMLoopProgressDemoUITests" */;
			buildPhases = (
				575648101D88EB8E009D4B91 /* Sources */,
				575648111D88EB8E009D4B91 /* Frameworks */,
				575648121D88EB8E009D4B91 /* Resources */,
			);
			buildRules = (
			);
			dependencies = (
				575648161D88EB8E009D4B91 /* PBXTargetDependency */,
			);
			name = DMLoopProgressDemoUITests;
			productName = DMLoopProgressDemoUITests;
			productReference = 575648141D88EB8E009D4B91 /* DMLoopProgressDemoUITests.xctest */;
			productType = "com.apple.product-type.bundle.ui-testing";
		};
/* End PBXNativeTarget section */

/* Begin PBXProject section */
		575647E81D88EB8E009D4B91 /* Project object */ = {
			isa = PBXProject;
			attributes = {
				LastUpgradeCheck = 0730;
				ORGANIZATIONNAME = Demin;
				TargetAttributes = {
					575647EF1D88EB8E009D4B91 = {
						CreatedOnToolsVersion = 7.3.1;
					};
					575648081D88EB8E009D4B91 = {
						CreatedOnToolsVersion = 7.3.1;
						TestTargetID = 575647EF1D88EB8E009D4B91;
					};
					575648131D88EB8E009D4B91 = {
						CreatedOnToolsVersion = 7.3.1;
						TestTargetID = 575647EF1D88EB8E009D4B91;
					};
				};
			};
			buildConfigurationList = 575647EB1D88EB8E009D4B91 /* Build configuration list for PBXProject "DMLoopProgressDemo" */;
			compatibilityVersion = "Xcode 3.2";
			developmentRegion = English;
			hasScannedForEncodings = 0;
			knownRegions = (
				en,
				Base,
			);
			mainGroup = 575647E71D88EB8E009D4B91;
			productRefGroup = 575647F11D88EB8E009D4B91 /* Products */;
			projectDirPath = "";
			projectRoot = "";
			targets = (
				575647EF1D88EB8E009D4B91 /* DMLoopProgressDemo */,
				575648081D88EB8E009D4B91 /* DMLoopProgressDemoTests */,
				575648131D88EB8E009D4B91 /* DMLoopProgressDemoUITests */,
			);
		};
/* End PBXProject section */

/* Begin PBXResourcesBuildPhase section */
		575647EE1D88EB8E009D4B91 /* Resources */ = {
			isa = PBXResourcesBuildPhase;
			buildActionMask = 2147483647;
			files = (
				575648031D88EB8E009D4B91 /* LaunchScreen.storyboard in Resources */,
				575648001D88EB8E009D4B91 /* Assets.xcassets in Resources */,
				575647FE1D88EB8E009D4B91 /* Main.storyboard in Resources */,
			);
			runOnlyForDeploymentPostprocessing = 0;
		};
		575648071D88EB8E009D4B91 /* Resources */ = {
			isa = PBXResourcesBuildPhase;
			buildActionMask = 2147483647;
			files = (
			);
			runOnlyForDeploymentPostprocessing = 0;
		};
		575648121D88EB8E009D4B91 /* Resources */ = {
			isa = PBXResourcesBuildPhase;
			buildActionMask = 2147483647;
			files = (
			);
			runOnlyForDeploymentPostprocessing = 0;
		};
/* End PBXResourcesBuildPhase section */

/* Begin PBXSourcesBuildPhase section */
		575647EC1D88EB8E009D4B91 /* Sources */ = {
			isa = PBXSourcesBuildPhase;
			buildActionMask = 2147483647;
			files = (
				575647FB1D88EB8E009D4B91 /* ViewController.m in Sources */,
				575647F81D88EB8E009D4B91 /* AppDelegate.m in Sources */,
				575647F51D88EB8E009D4B91 /* main.m in Sources */,
				575648281D88EBD1009D4B91 /* LoopProgressView.m in Sources */,
			);
			runOnlyForDeploymentPostprocessing = 0;
		};
		575648051D88EB8E009D4B91 /* Sources */ = {
			isa = PBXSourcesBuildPhase;
			buildActionMask = 2147483647;
			files = (
				5756480E1D88EB8E009D4B91 /* DMLoopProgressDemoTests.m in Sources */,
			);
			runOnlyForDeploymentPostprocessing = 0;
		};
		575648101D88EB8E009D4B91 /* Sources */ = {
			isa = PBXSourcesBuildPhase;
			buildActionMask = 2147483647;
			files = (
				575648191D88EB8E009D4B91 /* DMLoopProgressDemoUITests.m in Sources */,
			);
			runOnlyForDeploymentPostprocessing = 0;
		};
/* End PBXSourcesBuildPhase section */

/* Begin PBXTargetDependency section */
		5756480B1D88EB8E009D4B91 /* PBXTargetDependency */ = {
			isa = PBXTargetDependency;
			target = 575647EF1D88EB8E009D4B91 /* DMLoopProgressDemo */;
			targetProxy = 5756480A1D88EB8E009D4B91 /* PBXContainerItemProxy */;
		};
		575648161D88EB8E009D4B91 /* PBXTargetDependency */ = {
			isa = PBXTargetDependency;
			target = 575647EF1D88EB8E009D4B91 /* DMLoopProgressDemo */;
			targetProxy = 575648151D88EB8E009D4B91 /* PBXContainerItemProxy */;
		};
/* End PBXTargetDependency section */

/* Begin PBXVariantGroup section */
		575647FC1D88EB8E009D4B91 /* Main.storyboard */ = {
			isa = PBXVariantGroup;
			children = (
				575647FD1D88EB8E009D4B91 /* Base */,
			);
			name = Main.storyboard;
			sourceTree = "<group>";
		};
		575648011D88EB8E009D4B91 /* LaunchScreen.storyboard */ = {
			isa = PBXVariantGroup;
			children = (
				575648021D88EB8E009D4B91 /* Base */,
			);
			name = LaunchScreen.storyboard;
			sourceTree = "<group>";
		};
/* End PBXVariantGroup section */

/* Begin XCBuildConfiguration section */
		5756481B1D88EB8E009D4B91 /* Debug */ = {
			isa = XCBuildConfiguration;
			buildSettings = {
				ALWAYS_SEARCH_USER_PATHS = NO;
				CLANG_ANALYZER_NONNULL = YES;
				CLANG_CXX_LANGUAGE_STANDARD = "gnu++0x";
				CLANG_CXX_LIBRARY = "libc++";
				CLANG_ENABLE_MODULES = YES;
				CLANG_ENABLE_OBJC_ARC = YES;
				CLANG_WARN_BOOL_CONVERSION = YES;
				CLANG_WARN_CONSTANT_CONVERSION = YES;
				CLANG_WARN_DIRECT_OBJC_ISA_USAGE = YES_ERROR;
				CLANG_WARN_EMPTY_BODY = YES;
				CLANG_WARN_ENUM_CONVERSION = YES;
				CLANG_WARN_INT_CONVERSION = YES;
				CLANG_WARN_OBJC_ROOT_CLASS = YES_ERROR;
				CLANG_WARN_UNREACHABLE_CODE = YES;
				CLANG_WARN__DUPLICATE_METHOD_MATCH = YES;
				"CODE_SIGN_IDENTITY[sdk=iphoneos*]" = "iPhone Developer";
				COPY_PHASE_STRIP = NO;
				DEBUG_INFORMATION_FORMAT = dwarf;
				ENABLE_STRICT_OBJC_MSGSEND = YES;
				ENABLE_TESTABILITY = YES;
				GCC_C_LANGUAGE_STANDARD = gnu99;
				GCC_DYNAMIC_NO_PIC = NO;
				GCC_NO_COMMON_BLOCKS = YES;
				GCC_OPTIMIZATION_LEVEL = 0;
				GCC_PREPROCESSOR_DEFINITIONS = (
					"DEBUG=1",
					"$(inherited)",
				);
				GCC_WARN_64_TO_32_BIT_CONVERSION = YES;
				GCC_WARN_ABOUT_RETURN_TYPE = YES_ERROR;
				GCC_WARN_UNDECLARED_SELECTOR = YES;
				GCC_WARN_UNINITIALIZED_AUTOS = YES_AGGRESSIVE;
				GCC_WARN_UNUSED_FUNCTION = YES;
				GCC_WARN_UNUSED_VARIABLE = YES;
				IPHONEOS_DEPLOYMENT_TARGET = 9.3;
				MTL_ENABLE_DEBUG_INFO = YES;
				ONLY_ACTIVE_ARCH = YES;
				SDKROOT = iphoneos;
				TARGETED_DEVICE_FAMILY = "1,2";
			};
			name = Debug;
		};
		5756481C1D88EB8E009D4B91 /* Release */ = {
			isa = XCBuildConfiguration;
			buildSettings = {
				ALWAYS_SEARCH_USER_PATHS = NO;
				CLANG_ANALYZER_NONNULL = YES;
				CLANG_CXX_LANGUAGE_STANDARD = "gnu++0x";
				CLANG_CXX_LIBRARY = "libc++";
				CLANG_ENABLE_MODULES = YES;
				CLANG_ENABLE_OBJC_ARC = YES;
				CLANG_WARN_BOOL_CONVERSION = YES;
				CLANG_WARN_CONSTANT_CONVERSION = YES;
				CLANG_WARN_DIRECT_OBJC_ISA_USAGE = YES_ERROR;
				CLANG_WARN_EMPTY_BODY = YES;
				CLANG_WARN_ENUM_CONVERSION = YES;
				CLANG_WARN_INT_CONVERSION = YES;
				CLANG_WARN_OBJC_ROOT_CLASS = YES_ERROR;
				CLANG_WARN_UNREACHABLE_CODE = YES;
				CLANG_WARN__DUPLICATE_METHOD_MATCH = YES;
				"CODE_SIGN_IDENTITY[sdk=iphoneos*]" = "iPhone Developer";
				COPY_PHASE_STRIP = NO;
				DEBUG_INFORMATION_FORMAT = "dwarf-with-dsym";
				ENABLE_NS_ASSERTIONS = NO;
				ENABLE_STRICT_OBJC_MSGSEND = YES;
				GCC_C_LANGUAGE_STANDARD = gnu99;
				GCC_NO_COMMON_BLOCKS = YES;
				GCC_WARN_64_TO_32_BIT_CONVERSION = YES;
				GCC_WARN_ABOUT_RETURN_TYPE = YES_ERROR;
				GCC_WARN_UNDECLARED_SELECTOR = YES;
				GCC_WARN_UNINITIALIZED_AUTOS = YES_AGGRESSIVE;
				GCC_WARN_UNUSED_FUNCTION = YES;
				GCC_WARN_UNUSED_VARIABLE = YES;
				IPHONEOS_DEPLOYMENT_TARGET = 9.3;
				MTL_ENABLE_DEBUG_INFO = NO;
				SDKROOT = iphoneos;
				TARGETED_DEVICE_FAMILY = "1,2";
				VALIDATE_PRODUCT = YES;
			};
			name = Release;
		};
		5756481E1D88EB8E009D4B91 /* Debug */ = {
			isa = XCBuildConfiguration;
			buildSettings = {
				ASSETCATALOG_COMPILER_APPICON_NAME = AppIcon;
				INFOPLIST_FILE = DMLoopProgressDemo/Info.plist;
				LD_RUNPATH_SEARCH_PATHS = "$(inherited) @executable_path/Frameworks";
				PRODUCT_BUNDLE_IDENTIFIER = Demin.DMLoopProgressDemo;
				PRODUCT_NAME = "$(TARGET_NAME)";
			};
			name = Debug;
		};
		5756481F1D88EB8E009D4B91 /* Release */ = {
			isa = XCBuildConfiguration;
			buildSettings = {
				ASSETCATALOG_COMPILER_APPICON_NAME = AppIcon;
				INFOPLIST_FILE = DMLoopProgressDemo/Info.plist;
				LD_RUNPATH_SEARCH_PATHS = "$(inherited) @executable_path/Frameworks";
				PRODUCT_BUNDLE_IDENTIFIER = Demin.DMLoopProgressDemo;
				PRODUCT_NAME = "$(TARGET_NAME)";
			};
			name = Release;
		};
		575648211D88EB8E009D4B91 /* Debug */ = {
			isa = XCBuildConfiguration;
			buildSettings = {
				BUNDLE_LOADER = "$(TEST_HOST)";
				INFOPLIST_FILE = DMLoopProgressDemoTests/Info.plist;
				LD_RUNPATH_SEARCH_PATHS = "$(inherited) @executable_path/Frameworks @loader_path/Frameworks";
				PRODUCT_BUNDLE_IDENTIFIER = Demin.DMLoopProgressDemoTests;
				PRODUCT_NAME = "$(TARGET_NAME)";
				TEST_HOST = "$(BUILT_PRODUCTS_DIR)/DMLoopProgressDemo.app/DMLoopProgressDemo";
			};
			name = Debug;
		};
		575648221D88EB8E009D4B91 /* Release */ = {
			isa = XCBuildConfiguration;
			buildSettings = {
				BUNDLE_LOADER = "$(TEST_HOST)";
				INFOPLIST_FILE = DMLoopProgressDemoTests/Info.plist;
				LD_RUNPATH_SEARCH_PATHS = "$(inherited) @executable_path/Frameworks @loader_path/Frameworks";
				PRODUCT_BUNDLE_IDENTIFIER = Demin.DMLoopProgressDemoTests;
				PRODUCT_NAME = "$(TARGET_NAME)";
				TEST_HOST = "$(BUILT_PRODUCTS_DIR)/DMLoopProgressDemo.app/DMLoopProgressDemo";
			};
			name = Release;
		};
		575648241D88EB8E009D4B91 /* Debug */ = {
			isa = XCBuildConfiguration;
			buildSettings = {
				INFOPLIST_FILE = DMLoopProgressDemoUITests/Info.plist;
				LD_RUNPATH_SEARCH_PATHS = "$(inherited) @executable_path/Frameworks @loader_path/Frameworks";
				PRODUCT_BUNDLE_IDENTIFIER = Demin.DMLoopProgressDemoUITests;
				PRODUCT_NAME = "$(TARGET_NAME)";
				TEST_TARGET_NAME = DMLoopProgressDemo;
			};
			name = Debug;
		};
		575648251D88EB8E009D4B91 /* Release */ = {
			isa = XCBuildConfiguration;
			buildSettings = {
				INFOPLIST_FILE = DMLoopProgressDemoUITests/Info.plist;
				LD_RUNPATH_SEARCH_PATHS = "$(inherited) @executable_path/Frameworks @loader_path/Frameworks";
				PRODUCT_BUNDLE_IDENTIFIER = Demin.DMLoopProgressDemoUITests;
				PRODUCT_NAME = "$(TARGET_NAME)";
				TEST_TARGET_NAME = DMLoopProgressDemo;
			};
			name = Release;
		};
/* End XCBuildConfiguration section */

/* Begin XCConfigurationList section */
		575647EB1D88EB8E009D4B91 /* Build configuration list for PBXProject "DMLoopProgressDemo" */ = {
			isa = XCConfigurationList;
			buildConfigurations = (
				5756481B1D88EB8E009D4B91 /* Debug */,
				5756481C1D88EB8E009D4B91 /* Release */,
			);
			defaultConfigurationIsVisible = 0;
			defaultConfigurationName = Release;
		};
		5756481D1D88EB8E009D4B91 /* Build configuration list for PBXNativeTarget "DMLoopProgressDemo" */ = {
			isa = XCConfigurationList;
			buildConfigurations = (
				5756481E1D88EB8E009D4B91 /* Debug */,
				5756481F1D88EB8E009D4B91 /* Release */,
			);
			defaultConfigurationIsVisible = 0;
		};
		575648201D88EB8E009D4B91 /* Build configuration list for PBXNativeTarget "DMLoopProgressDemoTests" */ = {
			isa = XCConfigurationList;
			buildConfigurations = (
				575648211D88EB8E009D4B91 /* Debug */,
				575648221D88EB8E009D4B91 /* Release */,
			);
			defaultConfigurationIsVisible = 0;
		};
		575648231D88EB8E009D4B91 /* Build configuration list for PBXNativeTarget "DMLoopProgressDemoUITests" */ = {
			isa = XCConfigurationList;
			buildConfigurations = (
				575648241D88EB8E009D4B91 /* Debug */,
				575648251D88EB8E009D4B91 /* Release */,
			);
			defaultConfigurationIsVisible = 0;
		};
/* End XCConfigurationList section */
	};
	rootObject = 575647E81D88EB8E009D4B91 /* Project object */;
}
